
Microsoft Visual Studio Solution File, Format Version 12.00
# Visual Studio Version 17
VisualStudioVersion = 17.8.34525.116
MinimumVisualStudioVersion = 10.0.40219.1
Project("{8BC9CEB8-8B4A-11D0-8D11-00A0C91BC942}") = "LR1", "LR1.vcxproj", "{42743453-3263-4227-9FE2-16D1B81D77EE}"
EndProject
Global
	GlobalSection(SolutionConfigurationPlatforms) = preSolution
		Debug|x64 = Debug|x64
		Debug|x86 = Debug|x86
		Release|x64 = Release|x64
		Release|x86 = Release|x86
	EndGlobalSection
	GlobalSection(ProjectConfigurationPlatforms) = postSolution
		{42743453-3263-4227-9FE2-16D1B81D77EE}.Debug|x64.ActiveCfg = Debug|x64
		{42743453-3263-4227-9FE2-16D1B81D77EE}.Debug|x64.Build.0 = Debug|x64
		{42743453-3263-4227-9FE2-16D1B81D77EE}.Debug|x86.ActiveCfg = Debug|Win32
		{42743453-3263-4227-9FE2-16D1B81D77EE}.Debug|x86.Build.0 = Debug|Win32
		{42743453-3263-4227-9FE2-16D1B81D77EE}.Release|x64.ActiveCfg = Release|x64
		{42743453-3263-4227-9FE2-16D1B81D77EE}.Release|x64.Build.0 = Release|x64
		{42743453-3263-4227-9FE2-16D1B81D77EE}.Release|x86.ActiveCfg = Release|Win32
		{42743453-3263-4227-9FE2-16D1B81D77EE}.Release|x86.Build.0 = Release|Win32
	EndGlobalSection
	GlobalSection(SolutionProperties) = preSolution
		HideSolutionNode = FALSE
	EndGlobalSection
	GlobalSection(ExtensibilityGlobals) = postSolution
		SolutionGuid = {C5098C43-CFCB-4397-8D17-0BFA84CEE64C}
	EndGlobalSection
EndGlobal
